<?xml version="1.0" encoding="utf-8"?>
<Project ToolsVersion="4.0" xmlns="http://schemas.microsoft.com/developer/msbuild/2003">
  <ItemGroup>
    <Filter Include="Source Files">
      <UniqueIdentifier>{4FC737F1-C7A5-4376-A066-2A32D752A2FF}</UniqueIdentifier>
      <Extensions>cpp;c;cc;cxx;c++;cppm;ixx;def;odl;idl;hpj;bat;asm;asmx</Extensions>
    </Filter>
    <Filter Include="Header Files">
      <UniqueIdentifier>{93995380-89BD-4b04-88EB-625FBE52EBFB}</UniqueIdentifier>
      <Extensions>h;hh;hpp;hxx;h++;hm;inl;inc;ipp;xsd</Extensions>
    </Filter>
    <Filter Include="Resource Files">
      <UniqueIdentifier>{67DA6AB6-F800-4c08-8B7A-83BB121AAD01}</UniqueIdentifier>
      <Extensions>rc;ico;cur;bmp;dlg;rc2;rct;bin;rgs;gif;jpg;jpeg;jpe;resx;tiff;tif;png;wav;mfcribbon-ms</Extensions>
    </Filter>
    <Filter Include="Source Files\terrain">
      <UniqueIdentifier>{f544ecc7-ee27-43d3-9e4a-38b59eb6f2eb}</UniqueIdentifier>
    </Filter>
  </ItemGroup>
  <ItemGroup>
    <ClCompile Include="src\terrain\mapgener.c">
      <Filter>Source Files\terrain</Filter>
    </ClCompile>
    <ClCompile Include="src\terrain\terra.c">
      <Filter>Source Files\terrain</Filter>
    </ClCompile>
    <ClCompile Include="src\terrain\terragen.c">
      <Filter>Source Files\terrain</Filter>
    </ClCompile>
    <ClCompile Include="src\g_ani.c">
      <Filter>Source Files</Filter>
    </ClCompile>
    <ClCompile Include="src\g_bigmap.c">
      <Filter>Source Files</Filter>
    </ClCompile>
    <ClCompile Include="src\g_cam.c">
      <Filter>Source Files</Filter>
    </ClCompile>
    <ClCompile Include="src\g_map.c">
      <Filter>Source Files</Filter>
    </ClCompile>
    <ClCompile Include="src\g_setup.c">
      <Filter>Source Files</Filter>
    </ClCompile>
    <ClCompile Include="src\g_smmaps.c">
      <Filter>Source Files</Filter>
    </ClCompile>
    <ClCompile Include="src\main.cpp">
      <Filter>Source Files</Filter>
    </ClCompile>
    <ClCompile Include="src\rand.c">
      <Filter>Source Files</Filter>
    </ClCompile>
    <ClCompile Include="src\random.c">
      <Filter>Source Files</Filter>
    </ClCompile>
    <ClCompile Include="src\s_alloc.c">
      <Filter>Source Files</Filter>
    </ClCompile>
    <ClCompile Include="src\s_disast.c">
      <Filter>Source Files</Filter>
    </ClCompile>
    <ClCompile Include="src\s_eval.c">
      <Filter>Source Files</Filter>
    </ClCompile>
    <ClCompile Include="src\s_fileio.c">
      <Filter>Source Files</Filter>
    </ClCompile>
    <ClCompile Include="src\s_gen.c">
      <Filter>Source Files</Filter>
    </ClCompile>
    <ClCompile Include="src\s_init.c">
      <Filter>Source Files</Filter>
    </ClCompile>
    <ClCompile Include="src\s_msg.c">
      <Filter>Source Files</Filter>
    </ClCompile>
    <ClCompile Include="src\s_power.c">
      <Filter>Source Files</Filter>
    </ClCompile>
    <ClCompile Include="src\s_scan.c">
      <Filter>Source Files</Filter>
    </ClCompile>
    <ClCompile Include="src\s_sim.c">
      <Filter>Source Files</Filter>
    </ClCompile>
    <ClCompile Include="src\s_traf.c">
      <Filter>Source Files</Filter>
    </ClCompile>
    <ClCompile Include="src\s_zone.c">
      <Filter>Source Files</Filter>
    </ClCompile>
    <ClCompile Include="src\w_budget.c">
      <Filter>Source Files</Filter>
    </ClCompile>
    <ClCompile Include="src\w_cam.c">
      <Filter>Source Files</Filter>
    </ClCompile>
    <ClCompile Include="src\w_con.c">
      <Filter>Source Files</Filter>
    </ClCompile>
    <ClCompile Include="src\w_date.c">
      <Filter>Source Files</Filter>
    </ClCompile>
    <ClCompile Include="src\w_editor.c">
      <Filter>Source Files</Filter>
    </ClCompile>
    <ClCompile Include="src\w_eval.c">
      <Filter>Source Files</Filter>
    </ClCompile>
    <ClCompile Include="src\w_graph.c">
      <Filter>Source Files</Filter>
    </ClCompile>
    <ClCompile Include="src\w_inter.c">
      <Filter>Source Files</Filter>
    </ClCompile>
    <ClCompile Include="src\w_keys.c">
      <Filter>Source Files</Filter>
    </ClCompile>
    <ClCompile Include="src\w_map.c">
      <Filter>Source Files</Filter>
    </ClCompile>
    <ClCompile Include="src\w_net.c">
      <Filter>Source Files</Filter>
    </ClCompile>
    <ClCompile Include="src\w_piem.c">
      <Filter>Source Files</Filter>
    </ClCompile>
    <ClCompile Include="src\w_print.c">
      <Filter>Source Files</Filter>
    </ClCompile>
    <ClCompile Include="src\w_resrc.c">
      <Filter>Source Files</Filter>
    </ClCompile>
    <ClCompile Include="src\w_sim.c">
      <Filter>Source Files</Filter>
    </ClCompile>
    <ClCompile Include="src\w_sound.c">
      <Filter>Source Files</Filter>
    </ClCompile>
    <ClCompile Include="src\w_sprite.c">
      <Filter>Source Files</Filter>
    </ClCompile>
    <ClCompile Include="src\w_stubs.c">
      <Filter>Source Files</Filter>
    </ClCompile>
    <ClCompile Include="src\w_tk.c">
      <Filter>Source Files</Filter>
    </ClCompile>
    <ClCompile Include="src\w_tool.c">
      <Filter>Source Files</Filter>
    </ClCompile>
    <ClCompile Include="src\w_update.c">
      <Filter>Source Files</Filter>
    </ClCompile>
    <ClCompile Include="src\w_util.c">
      <Filter>Source Files</Filter>
    </ClCompile>
    <ClCompile Include="src\w_x.cpp">
      <Filter>Source Files</Filter>
    </ClCompile>
  </ItemGroup>
  <ItemGroup>
    <ClInclude Include="src\animtab.h">
      <Filter>Header Files</Filter>
    </ClInclude>
    <ClInclude Include="src\cam.h">
      <Filter>Header Files</Filter>
    </ClInclude>
    <ClInclude Include="src\macros.h">
      <Filter>Header Files</Filter>
    </ClInclude>
    <ClInclude Include="src\mac.h">
      <Filter>Header Files</Filter>
    </ClInclude>
    <ClInclude Include="src\main.h">
      <Filter>Header Files</Filter>
    </ClInclude>
    <ClInclude Include="src\w_x.h">
      <Filter>Header Files</Filter>
    </ClInclude>
    <ClInclude Include="src\view.h">
      <Filter>Header Files</Filter>
    </ClInclude>
    <ClInclude Include="src\w_eval.h">
      <Filter>Header Files</Filter>
    </ClInclude>
    <ClInclude Include="src\w_tk.h">
      <Filter>Header Files</Filter>
    </ClInclude>
    <ClInclude Include="src\w_editor.h">
      <Filter>Header Files</Filter>
    </ClInclude>
    <ClInclude Include="src\w_update.h">
      <Filter>Header Files</Filter>
    </ClInclude>
    <ClInclude Include="src\w_map.h">
      <Filter>Header Files</Filter>
    </ClInclude>
    <ClInclude Include="src\g_map.h">
      <Filter>Header Files</Filter>
    </ClInclude>
  </ItemGroup>
</Project>