<?xml version="1.0" encoding="utf-8"?>
<Project ToolsVersion="4.0" xmlns="http://schemas.microsoft.com/developer/msbuild/2003">
  <ItemGroup>
    <Filter Include="Source Files">
      <UniqueIdentifier>{4FC737F1-C7A5-4376-A066-2A32D752A2FF}</UniqueIdentifier>
      <Extensions>cpp;c;cc;cxx;c++;cppm;ixx;def;odl;idl;hpj;bat;asm;asmx</Extensions>
    </Filter>
    <Filter Include="Header Files">
      <UniqueIdentifier>{93995380-89BD-4b04-88EB-625FBE52EBFB}</UniqueIdentifier>
      <Extensions>h;hh;hpp;hxx;h++;hm;inl;inc;ipp;xsd</Extensions>
    </Filter>
    <Filter Include="Resource Files">
      <UniqueIdentifier>{67DA6AB6-F800-4c08-8B7A-83BB121AAD01}</UniqueIdentifier>
      <Extensions>rc;ico;cur;bmp;dlg;rc2;rct;bin;rgs;gif;jpg;jpeg;jpe;resx;tiff;tif;png;wav;mfcribbon-ms</Extensions>
    </Filter>
  </ItemGroup>
  <ItemGroup>
    <ClCompile Include="src\g_ani.cpp">
      <Filter>Source Files</Filter>
    </ClCompile>
    <ClCompile Include="src\g_map.cpp">
      <Filter>Source Files</Filter>
    </ClCompile>
    <ClCompile Include="src\g_setup.cpp">
      <Filter>Source Files</Filter>
    </ClCompile>
    <ClCompile Include="src\g_smmaps.cpp">
      <Filter>Source Files</Filter>
    </ClCompile>
    <ClCompile Include="src\main.cpp">
      <Filter>Source Files</Filter>
    </ClCompile>
    <ClCompile Include="src\s_alloc.cpp">
      <Filter>Source Files</Filter>
    </ClCompile>
    <ClCompile Include="src\s_disast.cpp">
      <Filter>Source Files</Filter>
    </ClCompile>
    <ClCompile Include="src\s_eval.cpp">
      <Filter>Source Files</Filter>
    </ClCompile>
    <ClCompile Include="src\s_fileio.cpp">
      <Filter>Source Files</Filter>
    </ClCompile>
    <ClCompile Include="src\s_gen.cpp">
      <Filter>Source Files</Filter>
    </ClCompile>
    <ClCompile Include="src\s_init.cpp">
      <Filter>Source Files</Filter>
    </ClCompile>
    <ClCompile Include="src\s_msg.cpp">
      <Filter>Source Files</Filter>
    </ClCompile>
    <ClCompile Include="src\s_power.cpp">
      <Filter>Source Files</Filter>
    </ClCompile>
    <ClCompile Include="src\s_scan.cpp">
      <Filter>Source Files</Filter>
    </ClCompile>
    <ClCompile Include="src\s_sim.cpp">
      <Filter>Source Files</Filter>
    </ClCompile>
    <ClCompile Include="src\s_traf.cpp">
      <Filter>Source Files</Filter>
    </ClCompile>
    <ClCompile Include="src\s_zone.cpp">
      <Filter>Source Files</Filter>
    </ClCompile>
    <ClCompile Include="src\w_budget.cpp">
      <Filter>Source Files</Filter>
    </ClCompile>
    <ClCompile Include="src\w_con.cpp">
      <Filter>Source Files</Filter>
    </ClCompile>
    <ClCompile Include="src\w_eval.cpp">
      <Filter>Source Files</Filter>
    </ClCompile>
    <ClCompile Include="src\w_graph.cpp">
      <Filter>Source Files</Filter>
    </ClCompile>
    <ClCompile Include="src\w_keys.cpp">
      <Filter>Source Files</Filter>
    </ClCompile>
    <ClCompile Include="src\w_map.cpp">
      <Filter>Source Files</Filter>
    </ClCompile>
    <ClCompile Include="src\w_resrc.cpp">
      <Filter>Source Files</Filter>
    </ClCompile>
    <ClCompile Include="src\w_sound.cpp">
      <Filter>Source Files</Filter>
    </ClCompile>
    <ClCompile Include="src\w_stubs.cpp">
      <Filter>Source Files</Filter>
    </ClCompile>
    <ClCompile Include="src\w_tk.cpp">
      <Filter>Source Files</Filter>
    </ClCompile>
    <ClCompile Include="src\w_tool.cpp">
      <Filter>Source Files</Filter>
    </ClCompile>
    <ClCompile Include="src\w_update.cpp">
      <Filter>Source Files</Filter>
    </ClCompile>
    <ClCompile Include="src\w_util.cpp">
      <Filter>Source Files</Filter>
    </ClCompile>
    <ClCompile Include="src\Date.cpp">
      <Filter>Source Files</Filter>
    </ClCompile>
    <ClCompile Include="src\Sprite.cpp">
      <Filter>Source Files</Filter>
    </ClCompile>
    <ClCompile Include="src\SmallMaps.h">
      <Filter>Header Files</Filter>
    </ClCompile>
    <ClCompile Include="src\Map.cpp">
      <Filter>Source Files</Filter>
    </ClCompile>
    <ClCompile Include="src\Texture.cpp">
      <Filter>Source Files</Filter>
    </ClCompile>
    <ClCompile Include="src\Font.cpp">
      <Filter>Source Files</Filter>
    </ClCompile>
    <ClCompile Include="src\ToolPalette.cpp">
      <Filter>Source Files</Filter>
    </ClCompile>
  </ItemGroup>
  <ItemGroup>
    <ClInclude Include="src\animtab.h">
      <Filter>Header Files</Filter>
    </ClInclude>
    <ClInclude Include="src\main.h">
      <Filter>Header Files</Filter>
    </ClInclude>
    <ClInclude Include="src\w_eval.h">
      <Filter>Header Files</Filter>
    </ClInclude>
    <ClInclude Include="src\w_tk.h">
      <Filter>Header Files</Filter>
    </ClInclude>
    <ClInclude Include="src\w_update.h">
      <Filter>Header Files</Filter>
    </ClInclude>
    <ClInclude Include="src\w_map.h">
      <Filter>Header Files</Filter>
    </ClInclude>
    <ClInclude Include="src\g_map.h">
      <Filter>Header Files</Filter>
    </ClInclude>
    <ClInclude Include="src\w_sound.h">
      <Filter>Header Files</Filter>
    </ClInclude>
    <ClInclude Include="src\s_alloc.h">
      <Filter>Header Files</Filter>
    </ClInclude>
    <ClInclude Include="src\w_graph.h">
      <Filter>Header Files</Filter>
    </ClInclude>
    <ClInclude Include="src\w_budget.h">
      <Filter>Header Files</Filter>
    </ClInclude>
    <ClInclude Include="src\s_init.h">
      <Filter>Header Files</Filter>
    </ClInclude>
    <ClInclude Include="src\s_gen.h">
      <Filter>Header Files</Filter>
    </ClInclude>
    <ClInclude Include="src\w_stubs.h">
      <Filter>Header Files</Filter>
    </ClInclude>
    <ClInclude Include="src\s_sim.h">
      <Filter>Header Files</Filter>
    </ClInclude>
    <ClInclude Include="src\w_resrc.h">
      <Filter>Header Files</Filter>
    </ClInclude>
    <ClInclude Include="src\w_util.h">
      <Filter>Header Files</Filter>
    </ClInclude>
    <ClInclude Include="src\w_keys.h">
      <Filter>Header Files</Filter>
    </ClInclude>
    <ClInclude Include="src\s_msg.h">
      <Filter>Header Files</Filter>
    </ClInclude>
    <ClInclude Include="src\s_zone.h">
      <Filter>Header Files</Filter>
    </ClInclude>
    <ClInclude Include="src\s_eval.h">
      <Filter>Header Files</Filter>
    </ClInclude>
    <ClInclude Include="src\s_scan.h">
      <Filter>Header Files</Filter>
    </ClInclude>
    <ClInclude Include="src\s_disast.h">
      <Filter>Header Files</Filter>
    </ClInclude>
    <ClInclude Include="src\s_power.h">
      <Filter>Header Files</Filter>
    </ClInclude>
    <ClInclude Include="src\s_traf.h">
      <Filter>Header Files</Filter>
    </ClInclude>
    <ClInclude Include="src\Graph.h">
      <Filter>Header Files</Filter>
    </ClInclude>
    <ClInclude Include="src\w_tool.h">
      <Filter>Header Files</Filter>
    </ClInclude>
    <ClInclude Include="src\s_fileio.h">
      <Filter>Header Files</Filter>
    </ClInclude>
    <ClInclude Include="src\w_con.h">
      <Filter>Header Files</Filter>
    </ClInclude>
    <ClInclude Include="src\g_ani.h">
      <Filter>Header Files</Filter>
    </ClInclude>
    <ClInclude Include="src\Date.h">
      <Filter>Header Files</Filter>
    </ClInclude>
    <ClInclude Include="src\Sprite.h">
      <Filter>Header Files</Filter>
    </ClInclude>
    <ClInclude Include="src\Point.h">
      <Filter>Header Files</Filter>
    </ClInclude>
    <ClInclude Include="src\Vector.h">
      <Filter>Header Files</Filter>
    </ClInclude>
    <ClInclude Include="src\Map.h">
      <Filter>Header Files</Filter>
    </ClInclude>
    <ClInclude Include="src\Texture.h">
      <Filter>Header Files</Filter>
    </ClInclude>
    <ClInclude Include="src\Font.h">
      <Filter>Header Files</Filter>
    </ClInclude>
    <ClInclude Include="src\PointInRectangleRange.h">
      <Filter>Header Files</Filter>
    </ClInclude>
    <ClInclude Include="src\VectorSizeRange.h">
      <Filter>Header Files</Filter>
    </ClInclude>
    <ClInclude Include="src\ToolPalette.h">
      <Filter>Header Files</Filter>
    </ClInclude>
  </ItemGroup>
</Project>